
Microsoft Visual Studio Solution File, Format Version 12.00
# Visual Studio Version 16
VisualStudioVersion = 16.0.32802.440
MinimumVisualStudioVersion = 10.0.40219.1
Project("{FAE04EC0-301F-11D3-BF4B-00C04F79EFBC}") = "SalesWebMvc", "SalesWebMvc\SalesWebMvc.csproj", "{639DD174-CCEE-41A6-A4BF-43E4304FDA1E}"
EndProject
Global
	GlobalSection(SolutionConfigurationPlatforms) = preSolution
		Debug|Any CPU = Debug|Any CPU
		Release|Any CPU = Release|Any CPU
	EndGlobalSection
	GlobalSection(ProjectConfigurationPlatforms) = postSolution
		{639DD174-CCEE-41A6-A4BF-43E4304FDA1E}.Debug|Any CPU.ActiveCfg = Debug|Any CPU
		{639DD174-CCEE-41A6-A4BF-43E4304FDA1E}.Debug|Any CPU.Build.0 = Debug|Any CPU
		{639DD174-CCEE-41A6-A4BF-43E4304FDA1E}.Release|Any CPU.ActiveCfg = Release|Any CPU
		{639DD174-CCEE-41A6-A4BF-43E4304FDA1E}.Release|Any CPU.Build.0 = Release|Any CPU
	EndGlobalSection
	GlobalSection(SolutionProperties) = preSolution
		HideSolutionNode = FALSE
	EndGlobalSection
	GlobalSection(ExtensibilityGlobals) = postSolution
		SolutionGuid = {49C1600F-969C-4436-BE54-4AF339EF216D}
	EndGlobalSection
EndGlobal
